
Microsoft Visual Studio Solution File, Format Version 12.00
# Visual Studio Version 17
VisualStudioVersion = 17.0.31903.59
MinimumVisualStudioVersion = 10.0.40219.1
Project("{FAE04EC0-301F-11D3-BF4B-00C04F79EFBC}") = "API", "API\API.csproj", "{91856EF5-6826-401A-A6E0-1C6633177686}"
EndProject
Project("{FAE04EC0-301F-11D3-BF4B-00C04F79EFBC}") = "Application", "Application\Application.csproj", "{6ED550C3-3C9B-4994-ABE0-A5FAF98A9C43}"
EndProject
Project("{FAE04EC0-301F-11D3-BF4B-00C04F79EFBC}") = "Persistence", "Persistence\Persistence.csproj", "{5F3F0493-B0A4-472E-B68B-E3C9A80F2F3A}"
EndProject
Project("{FAE04EC0-301F-11D3-BF4B-00C04F79EFBC}") = "Domain", "Domain\Domain.csproj", "{5B0C4BC0-897E-4EDA-AD6A-23F404DE71AB}"
EndProject
Global
	GlobalSection(SolutionConfigurationPlatforms) = preSolution
		Debug|Any CPU = Debug|Any CPU
		Release|Any CPU = Release|Any CPU
	EndGlobalSection
	GlobalSection(SolutionProperties) = preSolution
		HideSolutionNode = FALSE
	EndGlobalSection
	GlobalSection(ProjectConfigurationPlatforms) = postSolution
		{91856EF5-6826-401A-A6E0-1C6633177686}.Debug|Any CPU.ActiveCfg = Debug|Any CPU
		{91856EF5-6826-401A-A6E0-1C6633177686}.Debug|Any CPU.Build.0 = Debug|Any CPU
		{91856EF5-6826-401A-A6E0-1C6633177686}.Release|Any CPU.ActiveCfg = Release|Any CPU
		{91856EF5-6826-401A-A6E0-1C6633177686}.Release|Any CPU.Build.0 = Release|Any CPU
		{6ED550C3-3C9B-4994-ABE0-A5FAF98A9C43}.Debug|Any CPU.ActiveCfg = Debug|Any CPU
		{6ED550C3-3C9B-4994-ABE0-A5FAF98A9C43}.Debug|Any CPU.Build.0 = Debug|Any CPU
		{6ED550C3-3C9B-4994-ABE0-A5FAF98A9C43}.Release|Any CPU.ActiveCfg = Release|Any CPU
		{6ED550C3-3C9B-4994-ABE0-A5FAF98A9C43}.Release|Any CPU.Build.0 = Release|Any CPU
		{5F3F0493-B0A4-472E-B68B-E3C9A80F2F3A}.Debug|Any CPU.ActiveCfg = Debug|Any CPU
		{5F3F0493-B0A4-472E-B68B-E3C9A80F2F3A}.Debug|Any CPU.Build.0 = Debug|Any CPU
		{5F3F0493-B0A4-472E-B68B-E3C9A80F2F3A}.Release|Any CPU.ActiveCfg = Release|Any CPU
		{5F3F0493-B0A4-472E-B68B-E3C9A80F2F3A}.Release|Any CPU.Build.0 = Release|Any CPU
		{5B0C4BC0-897E-4EDA-AD6A-23F404DE71AB}.Debug|Any CPU.ActiveCfg = Debug|Any CPU
		{5B0C4BC0-897E-4EDA-AD6A-23F404DE71AB}.Debug|Any CPU.Build.0 = Debug|Any CPU
		{5B0C4BC0-897E-4EDA-AD6A-23F404DE71AB}.Release|Any CPU.ActiveCfg = Release|Any CPU
		{5B0C4BC0-897E-4EDA-AD6A-23F404DE71AB}.Release|Any CPU.Build.0 = Release|Any CPU
	EndGlobalSection
EndGlobal
